
Microsoft Visual Studio Solution File, Format Version 12.00
# Visual Studio Version 17
VisualStudioVersion = 17.6.33829.357
MinimumVisualStudioVersion = 10.0.40219.1
Project("{9A19103F-16F7-4668-BE54-9A1E7A4F7556}") = "CodeSignal_Intro_Ex_01", "CodeSignal_Intro_Ex_01\CodeSignal_Intro_Ex_01.csproj", "{885910ED-FC4B-4D59-9627-35F878728475}"
EndProject
Project("{9A19103F-16F7-4668-BE54-9A1E7A4F7556}") = "CodeSignal_Intro_Ex_02", "CodeSignal_Intro_Ex_02\CodeSignal_Intro_Ex_02.csproj", "{759E6722-31F4-41F4-93ED-F1D756AA1B4E}"
EndProject
Project("{9A19103F-16F7-4668-BE54-9A1E7A4F7556}") = "CodeSignal_Intro_Ex_03", "CodeSignal_Intro_Ex_03\CodeSignal_Intro_Ex_03.csproj", "{497BDA05-D6E9-458C-98B0-6039C74EAE2B}"
EndProject
Project("{2150E333-8FDC-42A3-9474-1A3956D46DE8}") = "00-TheJourneyBegins", "00-TheJourneyBegins", "{0AC0622C-416D-4C1E-A2A9-8804D8990C98}"
EndProject
Project("{2150E333-8FDC-42A3-9474-1A3956D46DE8}") = "01-EdgeOfTheOcean", "01-EdgeOfTheOcean", "{186D0F7B-6A82-4CF7-9DF1-7A83D3469F4A}"
EndProject
Project("{FAE04EC0-301F-11D3-BF4B-00C04F79EFBC}") = "CodeSignal_Intro_Ex_04", "CodeSignal_Intro_Ex_04\CodeSignal_Intro_Ex_04.csproj", "{7263272C-C424-4E26-AF7D-1E664AEF6A7F}"
EndProject
Global
	GlobalSection(SolutionConfigurationPlatforms) = preSolution
		Debug|Any CPU = Debug|Any CPU
		Release|Any CPU = Release|Any CPU
	EndGlobalSection
	GlobalSection(ProjectConfigurationPlatforms) = postSolution
		{885910ED-FC4B-4D59-9627-35F878728475}.Debug|Any CPU.ActiveCfg = Debug|Any CPU
		{885910ED-FC4B-4D59-9627-35F878728475}.Debug|Any CPU.Build.0 = Debug|Any CPU
		{885910ED-FC4B-4D59-9627-35F878728475}.Release|Any CPU.ActiveCfg = Release|Any CPU
		{885910ED-FC4B-4D59-9627-35F878728475}.Release|Any CPU.Build.0 = Release|Any CPU
		{759E6722-31F4-41F4-93ED-F1D756AA1B4E}.Debug|Any CPU.ActiveCfg = Debug|Any CPU
		{759E6722-31F4-41F4-93ED-F1D756AA1B4E}.Debug|Any CPU.Build.0 = Debug|Any CPU
		{759E6722-31F4-41F4-93ED-F1D756AA1B4E}.Release|Any CPU.ActiveCfg = Release|Any CPU
		{759E6722-31F4-41F4-93ED-F1D756AA1B4E}.Release|Any CPU.Build.0 = Release|Any CPU
		{497BDA05-D6E9-458C-98B0-6039C74EAE2B}.Debug|Any CPU.ActiveCfg = Debug|Any CPU
		{497BDA05-D6E9-458C-98B0-6039C74EAE2B}.Debug|Any CPU.Build.0 = Debug|Any CPU
		{497BDA05-D6E9-458C-98B0-6039C74EAE2B}.Release|Any CPU.ActiveCfg = Release|Any CPU
		{497BDA05-D6E9-458C-98B0-6039C74EAE2B}.Release|Any CPU.Build.0 = Release|Any CPU
		{7263272C-C424-4E26-AF7D-1E664AEF6A7F}.Debug|Any CPU.ActiveCfg = Debug|Any CPU
		{7263272C-C424-4E26-AF7D-1E664AEF6A7F}.Debug|Any CPU.Build.0 = Debug|Any CPU
		{7263272C-C424-4E26-AF7D-1E664AEF6A7F}.Release|Any CPU.ActiveCfg = Release|Any CPU
		{7263272C-C424-4E26-AF7D-1E664AEF6A7F}.Release|Any CPU.Build.0 = Release|Any CPU
	EndGlobalSection
	GlobalSection(SolutionProperties) = preSolution
		HideSolutionNode = FALSE
	EndGlobalSection
	GlobalSection(NestedProjects) = preSolution
		{885910ED-FC4B-4D59-9627-35F878728475} = {0AC0622C-416D-4C1E-A2A9-8804D8990C98}
		{759E6722-31F4-41F4-93ED-F1D756AA1B4E} = {0AC0622C-416D-4C1E-A2A9-8804D8990C98}
		{497BDA05-D6E9-458C-98B0-6039C74EAE2B} = {0AC0622C-416D-4C1E-A2A9-8804D8990C98}
		{7263272C-C424-4E26-AF7D-1E664AEF6A7F} = {186D0F7B-6A82-4CF7-9DF1-7A83D3469F4A}
	EndGlobalSection
	GlobalSection(ExtensibilityGlobals) = postSolution
		SolutionGuid = {93AA07EA-E853-4678-9258-7AD1167E888B}
	EndGlobalSection
EndGlobal
